
Microsoft Visual Studio Solution File, Format Version 12.00
# Visual Studio 15
VisualStudioVersion = 15.0.28307.1145
MinimumVisualStudioVersion = 10.0.40219.1
Project("{FAE04EC0-301F-11D3-BF4B-00C04F79EFBC}") = "MatchImageGame", "MatchImageGame\MatchImageGame.csproj", "{E0CCDBCB-4448-4E23-BA64-92338B37219E}"
EndProject
Global
	GlobalSection(SolutionConfigurationPlatforms) = preSolution
		Debug|Any CPU = Debug|Any CPU
		Release|Any CPU = Release|Any CPU
	EndGlobalSection
	GlobalSection(ProjectConfigurationPlatforms) = postSolution
		{E0CCDBCB-4448-4E23-BA64-92338B37219E}.Debug|Any CPU.ActiveCfg = Debug|Any CPU
		{E0CCDBCB-4448-4E23-BA64-92338B37219E}.Debug|Any CPU.Build.0 = Debug|Any CPU
		{E0CCDBCB-4448-4E23-BA64-92338B37219E}.Release|Any CPU.ActiveCfg = Release|Any CPU
		{E0CCDBCB-4448-4E23-BA64-92338B37219E}.Release|Any CPU.Build.0 = Release|Any CPU
	EndGlobalSection
	GlobalSection(SolutionProperties) = preSolution
		HideSolutionNode = FALSE
	EndGlobalSection
	GlobalSection(ExtensibilityGlobals) = postSolution
		SolutionGuid = {A7EF36EF-1434-4E26-8EA7-0C84BB42301F}
	EndGlobalSection
EndGlobal
